
Microsoft Visual Studio Solution File, Format Version 12.00
Project("{FAE04EC0-301F-11D3-BF4B-00C04F79EFBC}") = "DI", "DI\DI.csproj", "{46511080-C94F-4AA3-B27A-227E125FF133}"
EndProject
Global
	GlobalSection(SolutionConfigurationPlatforms) = preSolution
		Debug|Any CPU = Debug|Any CPU
		Release|Any CPU = Release|Any CPU
	EndGlobalSection
	GlobalSection(ProjectConfigurationPlatforms) = postSolution
		{46511080-C94F-4AA3-B27A-227E125FF133}.Debug|Any CPU.ActiveCfg = Debug|Any CPU
		{46511080-C94F-4AA3-B27A-227E125FF133}.Debug|Any CPU.Build.0 = Debug|Any CPU
		{46511080-C94F-4AA3-B27A-227E125FF133}.Release|Any CPU.ActiveCfg = Release|Any CPU
		{46511080-C94F-4AA3-B27A-227E125FF133}.Release|Any CPU.Build.0 = Release|Any CPU
	EndGlobalSection
EndGlobal
